// !$*UTF8*$!
{
	archiveVersion = 1;
	classes = {
	};
	objectVersion = 46;
	objects = {

/* Begin PBXBuildFile section */
		46D3CC4B148AA36E003B4838 /* Foundation.framework in Frameworks */ = {isa = PBXBuildFile; fileRef = 46D3CC4A148AA36E003B4838 /* Foundation.framework */; };
		46D3CC4E148AA36E003B4838 /* main.m in Sources */ = {isa = PBXBuildFile; fileRef = 46D3CC4D148AA36E003B4838 /* main.m */; };
		46D3CC52148AA36E003B4838 /* MLEtsy.1 in CopyFiles */ = {isa = PBXBuildFile; fileRef = 46D3CC51148AA36E003B4838 /* MLEtsy.1 */; };
		C128CF04148E7F86005F19ED /* DataManager.m in Sources */ = {isa = PBXBuildFile; fileRef = C128CF03148E7F86005F19ED /* DataManager.m */; };
		C1396778148AAAFA00FE9796 /* NSObject+SBJson.m in Sources */ = {isa = PBXBuildFile; fileRef = C1396760148AAAFA00FE9796 /* NSObject+SBJson.m */; };
		C1396779148AAAFA00FE9796 /* SBJsonParser.m in Sources */ = {isa = PBXBuildFile; fileRef = C1396763148AAAFA00FE9796 /* SBJsonParser.m */; };
		C139677A148AAAFA00FE9796 /* SBJsonStreamParser.m in Sources */ = {isa = PBXBuildFile; fileRef = C1396765148AAAFA00FE9796 /* SBJsonStreamParser.m */; };
		C139677B148AAAFA00FE9796 /* SBJsonStreamParserAccumulator.m in Sources */ = {isa = PBXBuildFile; fileRef = C1396767148AAAFA00FE9796 /* SBJsonStreamParserAccumulator.m */; };
		C139677C148AAAFA00FE9796 /* SBJsonStreamParserAdapter.m in Sources */ = {isa = PBXBuildFile; fileRef = C1396769148AAAFA00FE9796 /* SBJsonStreamParserAdapter.m */; };
		C139677D148AAAFA00FE9796 /* SBJsonStreamParserState.m in Sources */ = {isa = PBXBuildFile; fileRef = C139676B148AAAFA00FE9796 /* SBJsonStreamParserState.m */; };
		C139677E148AAAFA00FE9796 /* SBJsonStreamWriter.m in Sources */ = {isa = PBXBuildFile; fileRef = C139676D148AAAFA00FE9796 /* SBJsonStreamWriter.m */; };
		C139677F148AAAFA00FE9796 /* SBJsonStreamWriterAccumulator.m in Sources */ = {isa = PBXBuildFile; fileRef = C139676F148AAAFA00FE9796 /* SBJsonStreamWriterAccumulator.m */; };
		C1396780148AAAFA00FE9796 /* SBJsonStreamWriterState.m in Sources */ = {isa = PBXBuildFile; fileRef = C1396771148AAAFA00FE9796 /* SBJsonStreamWriterState.m */; };
		C1396781148AAAFA00FE9796 /* SBJsonTokeniser.m in Sources */ = {isa = PBXBuildFile; fileRef = C1396773148AAAFA00FE9796 /* SBJsonTokeniser.m */; };
		C1396782148AAAFA00FE9796 /* SBJsonUTF8Stream.m in Sources */ = {isa = PBXBuildFile; fileRef = C1396775148AAAFA00FE9796 /* SBJsonUTF8Stream.m */; };
		C1396783148AAAFA00FE9796 /* SBJsonWriter.m in Sources */ = {isa = PBXBuildFile; fileRef = C1396777148AAAFA00FE9796 /* SBJsonWriter.m */; };
		C1396791148AB34F00FE9796 /* Key.m in Sources */ = {isa = PBXBuildFile; fileRef = C1396790148AB34F00FE9796 /* Key.m */; };
/* End PBXBuildFile section */

/* Begin PBXCopyFilesBuildPhase section */
		46D3CC44148AA36E003B4838 /* CopyFiles */ = {
			isa = PBXCopyFilesBuildPhase;
			buildActionMask = 2147483647;
			dstPath = /usr/share/man/man1/;
			dstSubfolderSpec = 0;
			files = (
				46D3CC52148AA36E003B4838 /* MLEtsy.1 in CopyFiles */,
			);
			runOnlyForDeploymentPostprocessing = 1;
		};
/* End PBXCopyFilesBuildPhase section */

/* Begin PBXFileReference section */
		46D3CC46148AA36E003B4838 /* MLEtsy */ = {isa = PBXFileReference; explicitFileType = "compiled.mach-o.executable"; includeInIndex = 0; path = MLEtsy; sourceTree = BUILT_PRODUCTS_DIR; };
		46D3CC4A148AA36E003B4838 /* Foundation.framework */ = {isa = PBXFileReference; lastKnownFileType = wrapper.framework; name = Foundation.framework; path = System/Library/Frameworks/Foundation.framework; sourceTree = SDKROOT; };
		46D3CC4D148AA36E003B4838 /* main.m */ = {isa = PBXFileReference; lastKnownFileType = sourcecode.c.objc; path = main.m; sourceTree = "<group>"; };
		46D3CC50148AA36E003B4838 /* MLEtsy-Prefix.pch */ = {isa = PBXFileReference; lastKnownFileType = sourcecode.c.h; path = "MLEtsy-Prefix.pch"; sourceTree = "<group>"; };
		46D3CC51148AA36E003B4838 /* MLEtsy.1 */ = {isa = PBXFileReference; lastKnownFileType = text.man; path = MLEtsy.1; sourceTree = "<group>"; };
		C128CF02148E7F86005F19ED /* DataManager.h */ = {isa = PBXFileReference; fileEncoding = 4; lastKnownFileType = sourcecode.c.h; path = DataManager.h; sourceTree = "<group>"; };
		C128CF03148E7F86005F19ED /* DataManager.m */ = {isa = PBXFileReference; fileEncoding = 4; lastKnownFileType = sourcecode.c.objc; path = DataManager.m; sourceTree = "<group>"; };
		C139675E148AAAFA00FE9796 /* JSON.h */ = {isa = PBXFileReference; fileEncoding = 4; lastKnownFileType = sourcecode.c.h; path = JSON.h; sourceTree = "<group>"; };
		C139675F148AAAFA00FE9796 /* NSObject+SBJson.h */ = {isa = PBXFileReference; fileEncoding = 4; lastKnownFileType = sourcecode.c.h; path = "NSObject+SBJson.h"; sourceTree = "<group>"; };
		C1396760148AAAFA00FE9796 /* NSObject+SBJson.m */ = {isa = PBXFileReference; fileEncoding = 4; lastKnownFileType = sourcecode.c.objc; path = "NSObject+SBJson.m"; sourceTree = "<group>"; };
		C1396761148AAAFA00FE9796 /* SBJson.h */ = {isa = PBXFileReference; fileEncoding = 4; lastKnownFileType = sourcecode.c.h; path = SBJson.h; sourceTree = "<group>"; };
		C1396762148AAAFA00FE9796 /* SBJsonParser.h */ = {isa = PBXFileReference; fileEncoding = 4; lastKnownFileType = sourcecode.c.h; path = SBJsonParser.h; sourceTree = "<group>"; };
		C1396763148AAAFA00FE9796 /* SBJsonParser.m */ = {isa = PBXFileReference; fileEncoding = 4; lastKnownFileType = sourcecode.c.objc; path = SBJsonParser.m; sourceTree = "<group>"; };
		C1396764148AAAFA00FE9796 /* SBJsonStreamParser.h */ = {isa = PBXFileReference; fileEncoding = 4; lastKnownFileType = sourcecode.c.h; path = SBJsonStreamParser.h; sourceTree = "<group>"; };
		C1396765148AAAFA00FE9796 /* SBJsonStreamParser.m */ = {isa = PBXFileReference; fileEncoding = 4; lastKnownFileType = sourcecode.c.objc; path = SBJsonStreamParser.m; sourceTree = "<group>"; };
		C1396766148AAAFA00FE9796 /* SBJsonStreamParserAccumulator.h */ = {isa = PBXFileReference; fileEncoding = 4; lastKnownFileType = sourcecode.c.h; path = SBJsonStreamParserAccumulator.h; sourceTree = "<group>"; };
		C1396767148AAAFA00FE9796 /* SBJsonStreamParserAccumulator.m */ = {isa = PBXFileReference; fileEncoding = 4; lastKnownFileType = sourcecode.c.objc; path = SBJsonStreamParserAccumulator.m; sourceTree = "<group>"; };
		C1396768148AAAFA00FE9796 /* SBJsonStreamParserAdapter.h */ = {isa = PBXFileReference; fileEncoding = 4; lastKnownFileType = sourcecode.c.h; path = SBJsonStreamParserAdapter.h; sourceTree = "<group>"; };
		C1396769148AAAFA00FE9796 /* SBJsonStreamParserAdapter.m */ = {isa = PBXFileReference; fileEncoding = 4; lastKnownFileType = sourcecode.c.objc; path = SBJsonStreamParserAdapter.m; sourceTree = "<group>"; };
		C139676A148AAAFA00FE9796 /* SBJsonStreamParserState.h */ = {isa = PBXFileReference; fileEncoding = 4; lastKnownFileType = sourcecode.c.h; path = SBJsonStreamParserState.h; sourceTree = "<group>"; };
		C139676B148AAAFA00FE9796 /* SBJsonStreamParserState.m */ = {isa = PBXFileReference; fileEncoding = 4; lastKnownFileType = sourcecode.c.objc; path = SBJsonStreamParserState.m; sourceTree = "<group>"; };
		C139676C148AAAFA00FE9796 /* SBJsonStreamWriter.h */ = {isa = PBXFileReference; fileEncoding = 4; lastKnownFileType = sourcecode.c.h; path = SBJsonStreamWriter.h; sourceTree = "<group>"; };
		C139676D148AAAFA00FE9796 /* SBJsonStreamWriter.m */ = {isa = PBXFileReference; fileEncoding = 4; lastKnownFileType = sourcecode.c.objc; path = SBJsonStreamWriter.m; sourceTree = "<group>"; };
		C139676E148AAAFA00FE9796 /* SBJsonStreamWriterAccumulator.h */ = {isa = PBXFileReference; fileEncoding = 4; lastKnownFileType = sourcecode.c.h; path = SBJsonStreamWriterAccumulator.h; sourceTree = "<group>"; };
		C139676F148AAAFA00FE9796 /* SBJsonStreamWriterAccumulator.m */ = {isa = PBXFileReference; fileEncoding = 4; lastKnownFileType = sourcecode.c.objc; path = SBJsonStreamWriterAccumulator.m; sourceTree = "<group>"; };
		C1396770148AAAFA00FE9796 /* SBJsonStreamWriterState.h */ = {isa = PBXFileReference; fileEncoding = 4; lastKnownFileType = sourcecode.c.h; path = SBJsonStreamWriterState.h; sourceTree = "<group>"; };
		C1396771148AAAFA00FE9796 /* SBJsonStreamWriterState.m */ = {isa = PBXFileReference; fileEncoding = 4; lastKnownFileType = sourcecode.c.objc; path = SBJsonStreamWriterState.m; sourceTree = "<group>"; };
		C1396772148AAAFA00FE9796 /* SBJsonTokeniser.h */ = {isa = PBXFileReference; fileEncoding = 4; lastKnownFileType = sourcecode.c.h; path = SBJsonTokeniser.h; sourceTree = "<group>"; };
		C1396773148AAAFA00FE9796 /* SBJsonTokeniser.m */ = {isa = PBXFileReference; fileEncoding = 4; lastKnownFileType = sourcecode.c.objc; path = SBJsonTokeniser.m; sourceTree = "<group>"; };
		C1396774148AAAFA00FE9796 /* SBJsonUTF8Stream.h */ = {isa = PBXFileReference; fileEncoding = 4; lastKnownFileType = sourcecode.c.h; path = SBJsonUTF8Stream.h; sourceTree = "<group>"; };
		C1396775148AAAFA00FE9796 /* SBJsonUTF8Stream.m */ = {isa = PBXFileReference; fileEncoding = 4; lastKnownFileType = sourcecode.c.objc; path = SBJsonUTF8Stream.m; sourceTree = "<group>"; };
		C1396776148AAAFA00FE9796 /* SBJsonWriter.h */ = {isa = PBXFileReference; fileEncoding = 4; lastKnownFileType = sourcecode.c.h; path = SBJsonWriter.h; sourceTree = "<group>"; };
		C1396777148AAAFA00FE9796 /* SBJsonWriter.m */ = {isa = PBXFileReference; fileEncoding = 4; lastKnownFileType = sourcecode.c.objc; path = SBJsonWriter.m; sourceTree = "<group>"; };
		C139678F148AB34F00FE9796 /* Key.h */ = {isa = PBXFileReference; fileEncoding = 4; lastKnownFileType = sourcecode.c.h; path = Key.h; sourceTree = "<group>"; };
		C1396790148AB34F00FE9796 /* Key.m */ = {isa = PBXFileReference; fileEncoding = 4; lastKnownFileType = sourcecode.c.objc; path = Key.m; sourceTree = "<group>"; };
/* End PBXFileReference section */

/* Begin PBXFrameworksBuildPhase section */
		46D3CC43148AA36E003B4838 /* Frameworks */ = {
			isa = PBXFrameworksBuildPhase;
			buildActionMask = 2147483647;
			files = (
				46D3CC4B148AA36E003B4838 /* Foundation.framework in Frameworks */,
			);
			runOnlyForDeploymentPostprocessing = 0;
		};
/* End PBXFrameworksBuildPhase section */

/* Begin PBXGroup section */
		46D3CC3B148AA36E003B4838 = {
			isa = PBXGroup;
			children = (
				46D3CC4C148AA36E003B4838 /* MLEtsy */,
				46D3CC49148AA36E003B4838 /* Frameworks */,
				46D3CC47148AA36E003B4838 /* Products */,
			);
			sourceTree = "<group>";
		};
		46D3CC47148AA36E003B4838 /* Products */ = {
			isa = PBXGroup;
			children = (
				46D3CC46148AA36E003B4838 /* MLEtsy */,
			);
			name = Products;
			sourceTree = "<group>";
		};
		46D3CC49148AA36E003B4838 /* Frameworks */ = {
			isa = PBXGroup;
			children = (
				46D3CC4A148AA36E003B4838 /* Foundation.framework */,
			);
			name = Frameworks;
			sourceTree = "<group>";
		};
		46D3CC4C148AA36E003B4838 /* MLEtsy */ = {
			isa = PBXGroup;
			children = (
				46D3CC4D148AA36E003B4838 /* main.m */,
				C128CF02148E7F86005F19ED /* DataManager.h */,
				C128CF03148E7F86005F19ED /* DataManager.m */,
				C139678F148AB34F00FE9796 /* Key.h */,
				C1396790148AB34F00FE9796 /* Key.m */,
				46D3CC51148AA36E003B4838 /* MLEtsy.1 */,
				C1396788148AAD7100FE9796 /* SBJson */,
				46D3CC4F148AA36E003B4838 /* Supporting Files */,
			);
			path = MLEtsy;
			sourceTree = "<group>";
		};
		46D3CC4F148AA36E003B4838 /* Supporting Files */ = {
			isa = PBXGroup;
			children = (
				46D3CC50148AA36E003B4838 /* MLEtsy-Prefix.pch */,
			);
			name = "Supporting Files";
			sourceTree = "<group>";
		};
		C1396788148AAD7100FE9796 /* SBJson */ = {
			isa = PBXGroup;
			children = (
				C139675E148AAAFA00FE9796 /* JSON.h */,
				C139675F148AAAFA00FE9796 /* NSObject+SBJson.h */,
				C1396760148AAAFA00FE9796 /* NSObject+SBJson.m */,
				C1396761148AAAFA00FE9796 /* SBJson.h */,
				C1396762148AAAFA00FE9796 /* SBJsonParser.h */,
				C1396763148AAAFA00FE9796 /* SBJsonParser.m */,
				C1396764148AAAFA00FE9796 /* SBJsonStreamParser.h */,
				C1396765148AAAFA00FE9796 /* SBJsonStreamParser.m */,
				C1396766148AAAFA00FE9796 /* SBJsonStreamParserAccumulator.h */,
				C1396767148AAAFA00FE9796 /* SBJsonStreamParserAccumulator.m */,
				C1396768148AAAFA00FE9796 /* SBJsonStreamParserAdapter.h */,
				C1396769148AAAFA00FE9796 /* SBJsonStreamParserAdapter.m */,
				C139676A148AAAFA00FE9796 /* SBJsonStreamParserState.h */,
				C139676B148AAAFA00FE9796 /* SBJsonStreamParserState.m */,
				C139676C148AAAFA00FE9796 /* SBJsonStreamWriter.h */,
				C139676D148AAAFA00FE9796 /* SBJsonStreamWriter.m */,
				C139676E148AAAFA00FE9796 /* SBJsonStreamWriterAccumulator.h */,
				C139676F148AAAFA00FE9796 /* SBJsonStreamWriterAccumulator.m */,
				C1396770148AAAFA00FE9796 /* SBJsonStreamWriterState.h */,
				C1396771148AAAFA00FE9796 /* SBJsonStreamWriterState.m */,
				C1396772148AAAFA00FE9796 /* SBJsonTokeniser.h */,
				C1396773148AAAFA00FE9796 /* SBJsonTokeniser.m */,
				C1396774148AAAFA00FE9796 /* SBJsonUTF8Stream.h */,
				C1396775148AAAFA00FE9796 /* SBJsonUTF8Stream.m */,
				C1396776148AAAFA00FE9796 /* SBJsonWriter.h */,
				C1396777148AAAFA00FE9796 /* SBJsonWriter.m */,
			);
			name = SBJson;
			sourceTree = "<group>";
		};
/* End PBXGroup section */

/* Begin PBXNativeTarget section */
		46D3CC45148AA36E003B4838 /* MLEtsy */ = {
			isa = PBXNativeTarget;
			buildConfigurationList = 46D3CC55148AA36E003B4838 /* Build configuration list for PBXNativeTarget "MLEtsy" */;
			buildPhases = (
				46D3CC42148AA36E003B4838 /* Sources */,
				46D3CC43148AA36E003B4838 /* Frameworks */,
				46D3CC44148AA36E003B4838 /* CopyFiles */,
			);
			buildRules = (
			);
			dependencies = (
			);
			name = MLEtsy;
			productName = MLEtsy;
			productReference = 46D3CC46148AA36E003B4838 /* MLEtsy */;
			productType = "com.apple.product-type.tool";
		};
/* End PBXNativeTarget section */

/* Begin PBXProject section */
		46D3CC3D148AA36E003B4838 /* Project object */ = {
			isa = PBXProject;
			buildConfigurationList = 46D3CC40148AA36E003B4838 /* Build configuration list for PBXProject "MLEtsy" */;
			compatibilityVersion = "Xcode 3.2";
			developmentRegion = English;
			hasScannedForEncodings = 0;
			knownRegions = (
				en,
			);
			mainGroup = 46D3CC3B148AA36E003B4838;
			productRefGroup = 46D3CC47148AA36E003B4838 /* Products */;
			projectDirPath = "";
			projectRoot = "";
			targets = (
				46D3CC45148AA36E003B4838 /* MLEtsy */,
			);
		};
/* End PBXProject section */

/* Begin PBXSourcesBuildPhase section */
		46D3CC42148AA36E003B4838 /* Sources */ = {
			isa = PBXSourcesBuildPhase;
			buildActionMask = 2147483647;
			files = (
				46D3CC4E148AA36E003B4838 /* main.m in Sources */,
				C1396778148AAAFA00FE9796 /* NSObject+SBJson.m in Sources */,
				C1396779148AAAFA00FE9796 /* SBJsonParser.m in Sources */,
				C139677A148AAAFA00FE9796 /* SBJsonStreamParser.m in Sources */,
				C139677B148AAAFA00FE9796 /* SBJsonStreamParserAccumulator.m in Sources */,
				C139677C148AAAFA00FE9796 /* SBJsonStreamParserAdapter.m in Sources */,
				C139677D148AAAFA00FE9796 /* SBJsonStreamParserState.m in Sources */,
				C139677E148AAAFA00FE9796 /* SBJsonStreamWriter.m in Sources */,
				C139677F148AAAFA00FE9796 /* SBJsonStreamWriterAccumulator.m in Sources */,
				C1396780148AAAFA00FE9796 /* SBJsonStreamWriterState.m in Sources */,
				C1396781148AAAFA00FE9796 /* SBJsonTokeniser.m in Sources */,
				C1396782148AAAFA00FE9796 /* SBJsonUTF8Stream.m in Sources */,
				C1396783148AAAFA00FE9796 /* SBJsonWriter.m in Sources */,
				C1396791148AB34F00FE9796 /* Key.m in Sources */,
				C128CF04148E7F86005F19ED /* DataManager.m in Sources */,
			);
			runOnlyForDeploymentPostprocessing = 0;
		};
/* End PBXSourcesBuildPhase section */

/* Begin XCBuildConfiguration section */
		46D3CC53148AA36E003B4838 /* Debug */ = {
			isa = XCBuildConfiguration;
			buildSettings = {
				ALWAYS_SEARCH_USER_PATHS = NO;
				ARCHS = "$(ARCHS_STANDARD_64_BIT)";
				COPY_PHASE_STRIP = NO;
				GCC_C_LANGUAGE_STANDARD = gnu99;
				GCC_DYNAMIC_NO_PIC = NO;
				GCC_ENABLE_OBJC_EXCEPTIONS = YES;
				GCC_OPTIMIZATION_LEVEL = 0;
				GCC_PREPROCESSOR_DEFINITIONS = (
					"DEBUG=1",
					"$(inherited)",
				);
				GCC_SYMBOLS_PRIVATE_EXTERN = NO;
				GCC_VERSION = com.apple.compilers.llvm.clang.1_0;
				GCC_WARN_64_TO_32_BIT_CONVERSION = YES;
				GCC_WARN_ABOUT_MISSING_PROTOTYPES = YES;
				GCC_WARN_ABOUT_RETURN_TYPE = YES;
				GCC_WARN_UNUSED_VARIABLE = YES;
				MACOSX_DEPLOYMENT_TARGET = 10.7;
				ONLY_ACTIVE_ARCH = YES;
				SDKROOT = macosx;
			};
			name = Debug;
		};
		46D3CC54148AA36E003B4838 /* Release */ = {
			isa = XCBuildConfiguration;
			buildSettings = {
				ALWAYS_SEARCH_USER_PATHS = NO;
				ARCHS = "$(ARCHS_STANDARD_64_BIT)";
				COPY_PHASE_STRIP = YES;
				DEBUG_INFORMATION_FORMAT = "dwarf-with-dsym";
				GCC_C_LANGUAGE_STANDARD = gnu99;
				GCC_ENABLE_OBJC_EXCEPTIONS = YES;
				GCC_VERSION = com.apple.compilers.llvm.clang.1_0;
				GCC_WARN_64_TO_32_BIT_CONVERSION = YES;
				GCC_WARN_ABOUT_MISSING_PROTOTYPES = YES;
				GCC_WARN_ABOUT_RETURN_TYPE = YES;
				GCC_WARN_UNUSED_VARIABLE = YES;
				MACOSX_DEPLOYMENT_TARGET = 10.7;
				SDKROOT = macosx;
			};
			name = Release;
		};
		46D3CC56148AA36E003B4838 /* Debug */ = {
			isa = XCBuildConfiguration;
			buildSettings = {
				GCC_PRECOMPILE_PREFIX_HEADER = YES;
				GCC_PREFIX_HEADER = "MLEtsy/MLEtsy-Prefix.pch";
				PRODUCT_NAME = "$(TARGET_NAME)";
			};
			name = Debug;
		};
		46D3CC57148AA36E003B4838 /* Release */ = {
			isa = XCBuildConfiguration;
			buildSettings = {
				GCC_PRECOMPILE_PREFIX_HEADER = YES;
				GCC_PREFIX_HEADER = "MLEtsy/MLEtsy-Prefix.pch";
				PRODUCT_NAME = "$(TARGET_NAME)";
			};
			name = Release;
		};
/* End XCBuildConfiguration section */

/* Begin XCConfigurationList section */
		46D3CC40148AA36E003B4838 /* Build configuration list for PBXProject "MLEtsy" */ = {
			isa = XCConfigurationList;
			buildConfigurations = (
				46D3CC53148AA36E003B4838 /* Debug */,
				46D3CC54148AA36E003B4838 /* Release */,
			);
			defaultConfigurationIsVisible = 0;
			defaultConfigurationName = Release;
		};
		46D3CC55148AA36E003B4838 /* Build configuration list for PBXNativeTarget "MLEtsy" */ = {
			isa = XCConfigurationList;
			buildConfigurations = (
				46D3CC56148AA36E003B4838 /* Debug */,
				46D3CC57148AA36E003B4838 /* Release */,
			);
			defaultConfigurationIsVisible = 0;
			defaultConfigurationName = Release;
		};
/* End XCConfigurationList section */
	};
	rootObject = 46D3CC3D148AA36E003B4838 /* Project object */;
}
